
Microsoft Visual Studio Solution File, Format Version 12.00
# Visual Studio Version 17
VisualStudioVersion = 17.9.34616.47
MinimumVisualStudioVersion = 10.0.40219.1
Project("{9A19103F-16F7-4668-BE54-9A1E7A4F7556}") = "PowWin32", "PowWin32\PowWin32.csproj", "{80561534-8768-4D15-9797-D9392A96EE8F}"
EndProject
Project("{2150E333-8FDC-42A3-9474-1A3956D46DE8}") = "LibsBase", "LibsBase", "{D318D8E3-6AA2-4CB4-866A-19BD3CE68A27}"
EndProject
Project("{9A19103F-16F7-4668-BE54-9A1E7A4F7556}") = "PowWin32.Geom", "LibsBase\PowWin32.Geom\PowWin32.Geom.csproj", "{D0382A33-B24E-4CC3-BC68-D38DAD4B34FC}"
EndProject
Project("{2150E333-8FDC-42A3-9474-1A3956D46DE8}") = "Play", "Play", "{A5F92B2C-D596-4A20-8F2C-DF4E208159EC}"
EndProject
Project("{9A19103F-16F7-4668-BE54-9A1E7A4F7556}") = "WinTest", "Play\WinTest\WinTest.csproj", "{FFA2D93D-2C96-4AB0-AB50-1CC75AD81BAB}"
EndProject
Project("{9A19103F-16F7-4668-BE54-9A1E7A4F7556}") = "WinLib", "Play\WinLib\WinLib.csproj", "{93A7571D-1839-4858-88FB-356E0E07BDF2}"
EndProject
Project("{9A19103F-16F7-4668-BE54-9A1E7A4F7556}") = "FastForms", "FastForms\FastForms.csproj", "{1DD06A5E-5B8A-4A13-B4CC-CA1FFA10223D}"
EndProject
Project("{9A19103F-16F7-4668-BE54-9A1E7A4F7556}") = "PlayFast", "Play\PlayFast\PlayFast.csproj", "{F7A5C307-15D7-4E51-9C28-7D0757E5431B}"
EndProject
Project("{9A19103F-16F7-4668-BE54-9A1E7A4F7556}") = "PowTrees", "LibsBase\PowTrees\PowTrees.csproj", "{7BA593D1-2F69-4FFE-860D-CC1E5CE51D71}"
EndProject
Project("{9A19103F-16F7-4668-BE54-9A1E7A4F7556}") = "PowRxVar", "LibsBase\PowRxVar\PowRxVar.csproj", "{973722F8-B02B-4910-A3D8-A5FFE2C99A50}"
EndProject
Project("{9A19103F-16F7-4668-BE54-9A1E7A4F7556}") = "PowMaybe", "LibsBase\PowMaybe\PowMaybe.csproj", "{290537FA-8661-43D0-BDAC-CF00F134E66B}"
EndProject
Project("{2150E333-8FDC-42A3-9474-1A3956D46DE8}") = "Solution Items", "Solution Items", "{B61AF803-614E-4532-8594-93EEFFB91EED}"
	ProjectSection(SolutionItems) = preProject
		.editorconfig = .editorconfig
	EndProjectSection
EndProject
Project("{FAE04EC0-301F-11D3-BF4B-00C04F79EFBC}") = "FastForms.LINQPad", "FastForms.LINQPad\FastForms.LINQPad.csproj", "{F7EA1C85-319C-42EB-9542-09A22A0B102D}"
EndProject
Global
	GlobalSection(SolutionConfigurationPlatforms) = preSolution
		Debug|Any CPU = Debug|Any CPU
		Release|Any CPU = Release|Any CPU
	EndGlobalSection
	GlobalSection(ProjectConfigurationPlatforms) = postSolution
		{80561534-8768-4D15-9797-D9392A96EE8F}.Debug|Any CPU.ActiveCfg = Debug|Any CPU
		{80561534-8768-4D15-9797-D9392A96EE8F}.Debug|Any CPU.Build.0 = Debug|Any CPU
		{80561534-8768-4D15-9797-D9392A96EE8F}.Release|Any CPU.ActiveCfg = Release|Any CPU
		{80561534-8768-4D15-9797-D9392A96EE8F}.Release|Any CPU.Build.0 = Release|Any CPU
		{D0382A33-B24E-4CC3-BC68-D38DAD4B34FC}.Debug|Any CPU.ActiveCfg = Debug|Any CPU
		{D0382A33-B24E-4CC3-BC68-D38DAD4B34FC}.Debug|Any CPU.Build.0 = Debug|Any CPU
		{D0382A33-B24E-4CC3-BC68-D38DAD4B34FC}.Release|Any CPU.ActiveCfg = Release|Any CPU
		{D0382A33-B24E-4CC3-BC68-D38DAD4B34FC}.Release|Any CPU.Build.0 = Release|Any CPU
		{FFA2D93D-2C96-4AB0-AB50-1CC75AD81BAB}.Debug|Any CPU.ActiveCfg = Debug|Any CPU
		{FFA2D93D-2C96-4AB0-AB50-1CC75AD81BAB}.Debug|Any CPU.Build.0 = Debug|Any CPU
		{FFA2D93D-2C96-4AB0-AB50-1CC75AD81BAB}.Release|Any CPU.ActiveCfg = Release|Any CPU
		{FFA2D93D-2C96-4AB0-AB50-1CC75AD81BAB}.Release|Any CPU.Build.0 = Release|Any CPU
		{93A7571D-1839-4858-88FB-356E0E07BDF2}.Debug|Any CPU.ActiveCfg = Debug|Any CPU
		{93A7571D-1839-4858-88FB-356E0E07BDF2}.Debug|Any CPU.Build.0 = Debug|Any CPU
		{93A7571D-1839-4858-88FB-356E0E07BDF2}.Release|Any CPU.ActiveCfg = Release|Any CPU
		{93A7571D-1839-4858-88FB-356E0E07BDF2}.Release|Any CPU.Build.0 = Release|Any CPU
		{1DD06A5E-5B8A-4A13-B4CC-CA1FFA10223D}.Debug|Any CPU.ActiveCfg = Debug|Any CPU
		{1DD06A5E-5B8A-4A13-B4CC-CA1FFA10223D}.Debug|Any CPU.Build.0 = Debug|Any CPU
		{1DD06A5E-5B8A-4A13-B4CC-CA1FFA10223D}.Release|Any CPU.ActiveCfg = Release|Any CPU
		{1DD06A5E-5B8A-4A13-B4CC-CA1FFA10223D}.Release|Any CPU.Build.0 = Release|Any CPU
		{F7A5C307-15D7-4E51-9C28-7D0757E5431B}.Debug|Any CPU.ActiveCfg = Debug|Any CPU
		{F7A5C307-15D7-4E51-9C28-7D0757E5431B}.Debug|Any CPU.Build.0 = Debug|Any CPU
		{F7A5C307-15D7-4E51-9C28-7D0757E5431B}.Release|Any CPU.ActiveCfg = Release|Any CPU
		{F7A5C307-15D7-4E51-9C28-7D0757E5431B}.Release|Any CPU.Build.0 = Release|Any CPU
		{7BA593D1-2F69-4FFE-860D-CC1E5CE51D71}.Debug|Any CPU.ActiveCfg = Debug|Any CPU
		{7BA593D1-2F69-4FFE-860D-CC1E5CE51D71}.Debug|Any CPU.Build.0 = Debug|Any CPU
		{7BA593D1-2F69-4FFE-860D-CC1E5CE51D71}.Release|Any CPU.ActiveCfg = Release|Any CPU
		{7BA593D1-2F69-4FFE-860D-CC1E5CE51D71}.Release|Any CPU.Build.0 = Release|Any CPU
		{973722F8-B02B-4910-A3D8-A5FFE2C99A50}.Debug|Any CPU.ActiveCfg = Debug|Any CPU
		{973722F8-B02B-4910-A3D8-A5FFE2C99A50}.Debug|Any CPU.Build.0 = Debug|Any CPU
		{973722F8-B02B-4910-A3D8-A5FFE2C99A50}.Release|Any CPU.ActiveCfg = Release|Any CPU
		{973722F8-B02B-4910-A3D8-A5FFE2C99A50}.Release|Any CPU.Build.0 = Release|Any CPU
		{290537FA-8661-43D0-BDAC-CF00F134E66B}.Debug|Any CPU.ActiveCfg = Debug|Any CPU
		{290537FA-8661-43D0-BDAC-CF00F134E66B}.Debug|Any CPU.Build.0 = Debug|Any CPU
		{290537FA-8661-43D0-BDAC-CF00F134E66B}.Release|Any CPU.ActiveCfg = Release|Any CPU
		{290537FA-8661-43D0-BDAC-CF00F134E66B}.Release|Any CPU.Build.0 = Release|Any CPU
		{F7EA1C85-319C-42EB-9542-09A22A0B102D}.Debug|Any CPU.ActiveCfg = Debug|Any CPU
		{F7EA1C85-319C-42EB-9542-09A22A0B102D}.Debug|Any CPU.Build.0 = Debug|Any CPU
		{F7EA1C85-319C-42EB-9542-09A22A0B102D}.Release|Any CPU.ActiveCfg = Release|Any CPU
		{F7EA1C85-319C-42EB-9542-09A22A0B102D}.Release|Any CPU.Build.0 = Release|Any CPU
	EndGlobalSection
	GlobalSection(SolutionProperties) = preSolution
		HideSolutionNode = FALSE
	EndGlobalSection
	GlobalSection(NestedProjects) = preSolution
		{D0382A33-B24E-4CC3-BC68-D38DAD4B34FC} = {D318D8E3-6AA2-4CB4-866A-19BD3CE68A27}
		{FFA2D93D-2C96-4AB0-AB50-1CC75AD81BAB} = {A5F92B2C-D596-4A20-8F2C-DF4E208159EC}
		{93A7571D-1839-4858-88FB-356E0E07BDF2} = {A5F92B2C-D596-4A20-8F2C-DF4E208159EC}
		{F7A5C307-15D7-4E51-9C28-7D0757E5431B} = {A5F92B2C-D596-4A20-8F2C-DF4E208159EC}
		{7BA593D1-2F69-4FFE-860D-CC1E5CE51D71} = {D318D8E3-6AA2-4CB4-866A-19BD3CE68A27}
		{973722F8-B02B-4910-A3D8-A5FFE2C99A50} = {D318D8E3-6AA2-4CB4-866A-19BD3CE68A27}
		{290537FA-8661-43D0-BDAC-CF00F134E66B} = {D318D8E3-6AA2-4CB4-866A-19BD3CE68A27}
	EndGlobalSection
	GlobalSection(ExtensibilityGlobals) = postSolution
		SolutionGuid = {2D7A347D-C7E1-4573-968A-19CB77997DE5}
	EndGlobalSection
EndGlobal
